{
  "name": "modbus",
  "version": "1.0.0",
  "lockfileVersion": 1,
  "requires": true,
  "dependencies": {
    "crc": {
      "version": "3.4.0",
      "resolved": "http://registry.npm.taobao.org/crc/download/crc-3.4.0.tgz",
      "integrity": "sha1-QljjUWE6dO8RU9/LBeggw+lxXX8="
    },
    "debug": {
      "version": "3.1.0",
      "resolved": "http://registry.npm.taobao.org/debug/download/debug-3.1.0.tgz",
      "integrity": "sha1-W7WgZyYotkFJVmuhaBnmFRjGcmE=",
      "dev": true,
      "requires": {
        "ms": "2.0.0"
      }
    },
    "jsmodbus": {
      "version": "3.0.0",
      "resolved": "http://registry.npm.taobao.org/jsmodbus/download/jsmodbus-3.0.0.tgz",
      "integrity": "sha1-LaBy5u/r6j3YpF08LEc3j7BLqS0=",
      "requires": {
        "crc": "3.4.0"
      }
    },
    "ms": {
      "version": "2.0.0",
      "resolved": "http://registry.npm.taobao.org/ms/download/ms-2.0.0.tgz",
      "integrity": "sha1-VgiurfwAvmwpAd9fmGF4jeDVl8g=",
      "dev": true
    }
  }
}
